
Microsoft Visual Studio Solution File, Format Version 12.00
# Visual Studio 15
VisualStudioVersion = 15.0.27205.2004
MinimumVisualStudioVersion = 10.0.40219.1
Project("{FAE04EC0-301F-11D3-BF4B-00C04F79EFBC}") = "CRUD_MVC5_AngulaJS", "CRUD_MVC5_AngulaJS\CRUD_MVC5_AngulaJS.csproj", "{8BE5C917-AAB4-4DC6-A740-FFED63E37819}"
EndProject
Global
	GlobalSection(SolutionConfigurationPlatforms) = preSolution
		Debug|Any CPU = Debug|Any CPU
		Release|Any CPU = Release|Any CPU
	EndGlobalSection
	GlobalSection(ProjectConfigurationPlatforms) = postSolution
		{8BE5C917-AAB4-4DC6-A740-FFED63E37819}.Debug|Any CPU.ActiveCfg = Debug|Any CPU
		{8BE5C917-AAB4-4DC6-A740-FFED63E37819}.Debug|Any CPU.Build.0 = Debug|Any CPU
		{8BE5C917-AAB4-4DC6-A740-FFED63E37819}.Release|Any CPU.ActiveCfg = Release|Any CPU
		{8BE5C917-AAB4-4DC6-A740-FFED63E37819}.Release|Any CPU.Build.0 = Release|Any CPU
	EndGlobalSection
	GlobalSection(SolutionProperties) = preSolution
		HideSolutionNode = FALSE
	EndGlobalSection
	GlobalSection(ExtensibilityGlobals) = postSolution
		SolutionGuid = {17EC5573-BC9E-4261-A50E-33039E4146D5}
	EndGlobalSection
EndGlobal
